<?xml version="1.0" encoding="UTF-8" standalone="yes" ?>
<CodeBlocks_project_file>
	<FileVersion major="1" minor="6" />
	<Project>
		<Option title="chukhiconchoicode" />
		<Option pch_mode="2" />
		<Option compiler="gcc" />
		<Build>
			<Target title="Debug">
				<Option output="bin/Debug/chukhiconchoicode" prefix_auto="1" extension_auto="1" />
				<Option object_output="obj/Debug/" />
				<Option type="1" />
				<Option compiler="gcc" />
				<Compiler>
					<Add option="-g" />
				</Compiler>
			</Target>
			<Target title="Release">
				<Option output="bin/Release/chukhiconchoicode" prefix_auto="1" extension_auto="1" />
				<Option object_output="obj/Release/" />
				<Option type="1" />
				<Option compiler="gcc" />
				<Compiler>
					<Add option="-O2" />
				</Compiler>
				<Linker>
					<Add option="-s" />
				</Linker>
			</Target>
		</Build>
		<Compiler>
			<Add option="-Wall" />
			<Add option="-fexceptions" />
		</Compiler>
		<Unit filename="chukhi_LTexture.cpp" />
		<Unit filename="chukhi_LTexture.h" />
		<Unit filename="chukhi_base.cpp" />
		<Unit filename="chukhi_base.h" />
		<Unit filename="chukhi_button.cpp" />
		<Unit filename="chukhi_button.h" />
		<Unit filename="chukhi_character.cpp" />
		<Unit filename="chukhi_character.h" />
		<Unit filename="chukhi_enemy.cpp" />
		<Unit filename="chukhi_enemy.h" />
		<Unit filename="chukhi_utils.cpp" />
		<Unit filename="chukhi_utils.h" />
		<Unit filename="imgs/Background/.png" />
		<Unit filename="imgs/Background/game_menu.png" />
		<Unit filename="imgs/Background/game_play.png" />
		<Unit filename="main.cpp" />
		<Extensions>
			<lib_finder disable_auto="1" />
		</Extensions>
	</Project>
</CodeBlocks_project_file>
